// !$*UTF8*$!
{
	archiveVersion = 1;
	classes = {
	};
	objectVersion = 56;
	objects = {

/* Begin PBXBuildFile section */
		147745C12A979EB100C84160 /* AppDelegate.swift in Sources */ = {isa = PBXBuildFile; fileRef = 147745C02A979EB100C84160 /* AppDelegate.swift */; };
		147745C32A979EB100C84160 /* SceneDelegate.swift in Sources */ = {isa = PBXBuildFile; fileRef = 147745C22A979EB100C84160 /* SceneDelegate.swift */; };
		147745C52A979EB100C84160 /* ViewController.swift in Sources */ = {isa = PBXBuildFile; fileRef = 147745C42A979EB100C84160 /* ViewController.swift */; };
		147745C82A979EB100C84160 /* Main.storyboard in Resources */ = {isa = PBXBuildFile; fileRef = 147745C62A979EB100C84160 /* Main.storyboard */; };
		147745CB2A979EB100C84160 /* imageNotes.xcdatamodeld in Sources */ = {isa = PBXBuildFile; fileRef = 147745C92A979EB100C84160 /* imageNotes.xcdatamodeld */; };
		147745CD2A979EB300C84160 /* Assets.xcassets in Resources */ = {isa = PBXBuildFile; fileRef = 147745CC2A979EB300C84160 /* Assets.xcassets */; };
		147745D02A979EB300C84160 /* LaunchScreen.storyboard in Resources */ = {isa = PBXBuildFile; fileRef = 147745CE2A979EB300C84160 /* LaunchScreen.storyboard */; };
		147745DB2A979EB300C84160 /* imageNotesTests.swift in Sources */ = {isa = PBXBuildFile; fileRef = 147745DA2A979EB300C84160 /* imageNotesTests.swift */; };
		147745E52A979EB300C84160 /* imageNotesUITests.swift in Sources */ = {isa = PBXBuildFile; fileRef = 147745E42A979EB300C84160 /* imageNotesUITests.swift */; };
		147745E72A979EB300C84160 /* imageNotesUITestsLaunchTests.swift in Sources */ = {isa = PBXBuildFile; fileRef = 147745E62A979EB300C84160 /* imageNotesUITestsLaunchTests.swift */; };
/* End PBXBuildFile section */

/* Begin PBXContainerItemProxy section */
		147745D72A979EB300C84160 /* PBXContainerItemProxy */ = {
			isa = PBXContainerItemProxy;
			containerPortal = 147745B52A979EB100C84160 /* Project object */;
			proxyType = 1;
			remoteGlobalIDString = 147745BC2A979EB100C84160;
			remoteInfo = imageNotes;
		};
		147745E12A979EB300C84160 /* PBXContainerItemProxy */ = {
			isa = PBXContainerItemProxy;
			containerPortal = 147745B52A979EB100C84160 /* Project object */;
			proxyType = 1;
			remoteGlobalIDString = 147745BC2A979EB100C84160;
			remoteInfo = imageNotes;
		};
/* End PBXContainerItemProxy section */

/* Begin PBXFileReference section */
		147745BD2A979EB100C84160 /* imageNotes.app */ = {isa = PBXFileReference; explicitFileType = wrapper.application; includeInIndex = 0; path = imageNotes.app; sourceTree = BUILT_PRODUCTS_DIR; };
		147745C02A979EB100C84160 /* AppDelegate.swift */ = {isa = PBXFileReference; lastKnownFileType = sourcecode.swift; path = AppDelegate.swift; sourceTree = "<group>"; };
		147745C22A979EB100C84160 /* SceneDelegate.swift */ = {isa = PBXFileReference; lastKnownFileType = sourcecode.swift; path = SceneDelegate.swift; sourceTree = "<group>"; };
		147745C42A979EB100C84160 /* ViewController.swift */ = {isa = PBXFileReference; lastKnownFileType = sourcecode.swift; path = ViewController.swift; sourceTree = "<group>"; };
		147745C72A979EB100C84160 /* Base */ = {isa = PBXFileReference; lastKnownFileType = file.storyboard; name = Base; path = Base.lproj/Main.storyboard; sourceTree = "<group>"; };
		147745CA2A979EB100C84160 /* imageNotes.xcdatamodel */ = {isa = PBXFileReference; lastKnownFileType = wrapper.xcdatamodel; path = imageNotes.xcdatamodel; sourceTree = "<group>"; };
		147745CC2A979EB300C84160 /* Assets.xcassets */ = {isa = PBXFileReference; lastKnownFileType = folder.assetcatalog; path = Assets.xcassets; sourceTree = "<group>"; };
		147745CF2A979EB300C84160 /* Base */ = {isa = PBXFileReference; lastKnownFileType = file.storyboard; name = Base; path = Base.lproj/LaunchScreen.storyboard; sourceTree = "<group>"; };
		147745D12A979EB300C84160 /* Info.plist */ = {isa = PBXFileReference; lastKnownFileType = text.plist.xml; path = Info.plist; sourceTree = "<group>"; };
		147745D62A979EB300C84160 /* imageNotesTests.xctest */ = {isa = PBXFileReference; explicitFileType = wrapper.cfbundle; includeInIndex = 0; path = imageNotesTests.xctest; sourceTree = BUILT_PRODUCTS_DIR; };
		147745DA2A979EB300C84160 /* imageNotesTests.swift */ = {isa = PBXFileReference; lastKnownFileType = sourcecode.swift; path = imageNotesTests.swift; sourceTree = "<group>"; };
		147745E02A979EB300C84160 /* imageNotesUITests.xctest */ = {isa = PBXFileReference; explicitFileType = wrapper.cfbundle; includeInIndex = 0; path = imageNotesUITests.xctest; sourceTree = BUILT_PRODUCTS_DIR; };
		147745E42A979EB300C84160 /* imageNotesUITests.swift */ = {isa = PBXFileReference; lastKnownFileType = sourcecode.swift; path = imageNotesUITests.swift; sourceTree = "<group>"; };
		147745E62A979EB300C84160 /* imageNotesUITestsLaunchTests.swift */ = {isa = PBXFileReference; lastKnownFileType = sourcecode.swift; path = imageNotesUITestsLaunchTests.swift; sourceTree = "<group>"; };
/* End PBXFileReference section */

/* Begin PBXFrameworksBuildPhase section */
		147745BA2A979EB100C84160 /* Frameworks */ = {
			isa = PBXFrameworksBuildPhase;
			buildActionMask = 2147483647;
			files = (
			);
			runOnlyForDeploymentPostprocessing = 0;
		};
		147745D32A979EB300C84160 /* Frameworks */ = {
			isa = PBXFrameworksBuildPhase;
			buildActionMask = 2147483647;
			files = (
			);
			runOnlyForDeploymentPostprocessing = 0;
		};
		147745DD2A979EB300C84160 /* Frameworks */ = {
			isa = PBXFrameworksBuildPhase;
			buildActionMask = 2147483647;
			files = (
			);
			runOnlyForDeploymentPostprocessing = 0;
		};
/* End PBXFrameworksBuildPhase section */

/* Begin PBXGroup section */
		147745B42A979EB100C84160 = {
			isa = PBXGroup;
			children = (
				147745BF2A979EB100C84160 /* imageNotes */,
				147745D92A979EB300C84160 /* imageNotesTests */,
				147745E32A979EB300C84160 /* imageNotesUITests */,
				147745BE2A979EB100C84160 /* Products */,
			);
			sourceTree = "<group>";
		};
		147745BE2A979EB100C84160 /* Products */ = {
			isa = PBXGroup;
			children = (
				147745BD2A979EB100C84160 /* imageNotes.app */,
				147745D62A979EB300C84160 /* imageNotesTests.xctest */,
				147745E02A979EB300C84160 /* imageNotesUITests.xctest */,
			);
			name = Products;
			sourceTree = "<group>";
		};
		147745BF2A979EB100C84160 /* imageNotes */ = {
			isa = PBXGroup;
			children = (
				147745C02A979EB100C84160 /* AppDelegate.swift */,
				147745C22A979EB100C84160 /* SceneDelegate.swift */,
				147745C42A979EB100C84160 /* ViewController.swift */,
				147745C62A979EB100C84160 /* Main.storyboard */,
				147745CC2A979EB300C84160 /* Assets.xcassets */,
				147745CE2A979EB300C84160 /* LaunchScreen.storyboard */,
				147745D12A979EB300C84160 /* Info.plist */,
				147745C92A979EB100C84160 /* imageNotes.xcdatamodeld */,
			);
			path = imageNotes;
			sourceTree = "<group>";
		};
		147745D92A979EB300C84160 /* imageNotesTests */ = {
			isa = PBXGroup;
			children = (
				147745DA2A979EB300C84160 /* imageNotesTests.swift */,
			);
			path = imageNotesTests;
			sourceTree = "<group>";
		};
		147745E32A979EB300C84160 /* imageNotesUITests */ = {
			isa = PBXGroup;
			children = (
				147745E42A979EB300C84160 /* imageNotesUITests.swift */,
				147745E62A979EB300C84160 /* imageNotesUITestsLaunchTests.swift */,
			);
			path = imageNotesUITests;
			sourceTree = "<group>";
		};
/* End PBXGroup section */

/* Begin PBXNativeTarget section */
		147745BC2A979EB100C84160 /* imageNotes */ = {
			isa = PBXNativeTarget;
			buildConfigurationList = 147745EA2A979EB300C84160 /* Build configuration list for PBXNativeTarget "imageNotes" */;
			buildPhases = (
				147745B92A979EB100C84160 /* Sources */,
				147745BA2A979EB100C84160 /* Frameworks */,
				147745BB2A979EB100C84160 /* Resources */,
			);
			buildRules = (
			);
			dependencies = (
			);
			name = imageNotes;
			productName = imageNotes;
			productReference = 147745BD2A979EB100C84160 /* imageNotes.app */;
			productType = "com.apple.product-type.application";
		};
		147745D52A979EB300C84160 /* imageNotesTests */ = {
			isa = PBXNativeTarget;
			buildConfigurationList = 147745ED2A979EB300C84160 /* Build configuration list for PBXNativeTarget "imageNotesTests" */;
			buildPhases = (
				147745D22A979EB300C84160 /* Sources */,
				147745D32A979EB300C84160 /* Frameworks */,
				147745D42A979EB300C84160 /* Resources */,
			);
			buildRules = (
			);
			dependencies = (
				147745D82A979EB300C84160 /* PBXTargetDependency */,
			);
			name = imageNotesTests;
			productName = imageNotesTests;
			productReference = 147745D62A979EB300C84160 /* imageNotesTests.xctest */;
			productType = "com.apple.product-type.bundle.unit-test";
		};
		147745DF2A979EB300C84160 /* imageNotesUITests */ = {
			isa = PBXNativeTarget;
			buildConfigurationList = 147745F02A979EB300C84160 /* Build configuration list for PBXNativeTarget "imageNotesUITests" */;
			buildPhases = (
				147745DC2A979EB300C84160 /* Sources */,
				147745DD2A979EB300C84160 /* Frameworks */,
				147745DE2A979EB300C84160 /* Resources */,
			);
			buildRules = (
			);
			dependencies = (
				147745E22A979EB300C84160 /* PBXTargetDependency */,
			);
			name = imageNotesUITests;
			productName = imageNotesUITests;
			productReference = 147745E02A979EB300C84160 /* imageNotesUITests.xctest */;
			productType = "com.apple.product-type.bundle.ui-testing";
		};
/* End PBXNativeTarget section */

/* Begin PBXProject section */
		147745B52A979EB100C84160 /* Project object */ = {
			isa = PBXProject;
			attributes = {
				BuildIndependentTargetsInParallel = 1;
				LastSwiftUpdateCheck = 1430;
				LastUpgradeCheck = 1430;
				TargetAttributes = {
					147745BC2A979EB100C84160 = {
						CreatedOnToolsVersion = 14.3.1;
					};
					147745D52A979EB300C84160 = {
						CreatedOnToolsVersion = 14.3.1;
						TestTargetID = 147745BC2A979EB100C84160;
					};
					147745DF2A979EB300C84160 = {
						CreatedOnToolsVersion = 14.3.1;
						TestTargetID = 147745BC2A979EB100C84160;
					};
				};
			};
			buildConfigurationList = 147745B82A979EB100C84160 /* Build configuration list for PBXProject "imageNotes" */;
			compatibilityVersion = "Xcode 14.0";
			developmentRegion = en;
			hasScannedForEncodings = 0;
			knownRegions = (
				en,
				Base,
			);
			mainGroup = 147745B42A979EB100C84160;
			productRefGroup = 147745BE2A979EB100C84160 /* Products */;
			projectDirPath = "";
			projectRoot = "";
			targets = (
				147745BC2A979EB100C84160 /* imageNotes */,
				147745D52A979EB300C84160 /* imageNotesTests */,
				147745DF2A979EB300C84160 /* imageNotesUITests */,
			);
		};
/* End PBXProject section */

/* Begin PBXResourcesBuildPhase section */
		147745BB2A979EB100C84160 /* Resources */ = {
			isa = PBXResourcesBuildPhase;
			buildActionMask = 2147483647;
			files = (
				147745D02A979EB300C84160 /* LaunchScreen.storyboard in Resources */,
				147745CD2A979EB300C84160 /* Assets.xcassets in Resources */,
				147745C82A979EB100C84160 /* Main.storyboard in Resources */,
			);
			runOnlyForDeploymentPostprocessing = 0;
		};
		147745D42A979EB300C84160 /* Resources */ = {
			isa = PBXResourcesBuildPhase;
			buildActionMask = 2147483647;
			files = (
			);
			runOnlyForDeploymentPostprocessing = 0;
		};
		147745DE2A979EB300C84160 /* Resources */ = {
			isa = PBXResourcesBuildPhase;
			buildActionMask = 2147483647;
			files = (
			);
			runOnlyForDeploymentPostprocessing = 0;
		};
/* End PBXResourcesBuildPhase section */

/* Begin PBXSourcesBuildPhase section */
		147745B92A979EB100C84160 /* Sources */ = {
			isa = PBXSourcesBuildPhase;
			buildActionMask = 2147483647;
			files = (
				147745C52A979EB100C84160 /* ViewController.swift in Sources */,
				147745C12A979EB100C84160 /* AppDelegate.swift in Sources */,
				147745C32A979EB100C84160 /* SceneDelegate.swift in Sources */,
				147745CB2A979EB100C84160 /* imageNotes.xcdatamodeld in Sources */,
			);
			runOnlyForDeploymentPostprocessing = 0;
		};
		147745D22A979EB300C84160 /* Sources */ = {
			isa = PBXSourcesBuildPhase;
			buildActionMask = 2147483647;
			files = (
				147745DB2A979EB300C84160 /* imageNotesTests.swift in Sources */,
			);
			runOnlyForDeploymentPostprocessing = 0;
		};
		147745DC2A979EB300C84160 /* Sources */ = {
			isa = PBXSourcesBuildPhase;
			buildActionMask = 2147483647;
			files = (
				147745E72A979EB300C84160 /* imageNotesUITestsLaunchTests.swift in Sources */,
				147745E52A979EB300C84160 /* imageNotesUITests.swift in Sources */,
			);
			runOnlyForDeploymentPostprocessing = 0;
		};
/* End PBXSourcesBuildPhase section */

/* Begin PBXTargetDependency section */
		147745D82A979EB300C84160 /* PBXTargetDependency */ = {
			isa = PBXTargetDependency;
			target = 147745BC2A979EB100C84160 /* imageNotes */;
			targetProxy = 147745D72A979EB300C84160 /* PBXContainerItemProxy */;
		};
		147745E22A979EB300C84160 /* PBXTargetDependency */ = {
			isa = PBXTargetDependency;
			target = 147745BC2A979EB100C84160 /* imageNotes */;
			targetProxy = 147745E12A979EB300C84160 /* PBXContainerItemProxy */;
		};
/* End PBXTargetDependency section */

/* Begin PBXVariantGroup section */
		147745C62A979EB100C84160 /* Main.storyboard */ = {
			isa = PBXVariantGroup;
			children = (
				147745C72A979EB100C84160 /* Base */,
			);
			name = Main.storyboard;
			sourceTree = "<group>";
		};
		147745CE2A979EB300C84160 /* LaunchScreen.storyboard */ = {
			isa = PBXVariantGroup;
			children = (
				147745CF2A979EB300C84160 /* Base */,
			);
			name = LaunchScreen.storyboard;
			sourceTree = "<group>";
		};
/* End PBXVariantGroup section */

/* Begin XCBuildConfiguration section */
		147745E82A979EB300C84160 /* Debug */ = {
			isa = XCBuildConfiguration;
			buildSettings = {
				ALWAYS_SEARCH_USER_PATHS = NO;
				CLANG_ANALYZER_NONNULL = YES;
				CLANG_ANALYZER_NUMBER_OBJECT_CONVERSION = YES_AGGRESSIVE;
				CLANG_CXX_LANGUAGE_STANDARD = "gnu++20";
				CLANG_ENABLE_MODULES = YES;
				CLANG_ENABLE_OBJC_ARC = YES;
				CLANG_ENABLE_OBJC_WEAK = YES;
				CLANG_WARN_BLOCK_CAPTURE_AUTORELEASING = YES;
				CLANG_WARN_BOOL_CONVERSION = YES;
				CLANG_WARN_COMMA = YES;
				CLANG_WARN_CONSTANT_CONVERSION = YES;
				CLANG_WARN_DEPRECATED_OBJC_IMPLEMENTATIONS = YES;
				CLANG_WARN_DIRECT_OBJC_ISA_USAGE = YES_ERROR;
				CLANG_WARN_DOCUMENTATION_COMMENTS = YES;
				CLANG_WARN_EMPTY_BODY = YES;
				CLANG_WARN_ENUM_CONVERSION = YES;
				CLANG_WARN_INFINITE_RECURSION = YES;
				CLANG_WARN_INT_CONVERSION = YES;
				CLANG_WARN_NON_LITERAL_NULL_CONVERSION = YES;
				CLANG_WARN_OBJC_IMPLICIT_RETAIN_SELF = YES;
				CLANG_WARN_OBJC_LITERAL_CONVERSION = YES;
				CLANG_WARN_OBJC_ROOT_CLASS = YES_ERROR;
				CLANG_WARN_QUOTED_INCLUDE_IN_FRAMEWORK_HEADER = YES;
				CLANG_WARN_RANGE_LOOP_ANALYSIS = YES;
				CLANG_WARN_STRICT_PROTOTYPES = YES;
				CLANG_WARN_SUSPICIOUS_MOVE = YES;
				CLANG_WARN_UNGUARDED_AVAILABILITY = YES_AGGRESSIVE;
				CLANG_WARN_UNREACHABLE_CODE = YES;
				CLANG_WARN__DUPLICATE_METHOD_MATCH = YES;
				COPY_PHASE_STRIP = NO;
				DEBUG_INFORMATION_FORMAT = dwarf;
				ENABLE_STRICT_OBJC_MSGSEND = YES;
				ENABLE_TESTABILITY = YES;
				GCC_C_LANGUAGE_STANDARD = gnu11;
				GCC_DYNAMIC_NO_PIC = NO;
				GCC_NO_COMMON_BLOCKS = YES;
				GCC_OPTIMIZATION_LEVEL = 0;
				GCC_PREPROCESSOR_DEFINITIONS = (
					"DEBUG=1",
					"$(inherited)",
				);
				GCC_WARN_64_TO_32_BIT_CONVERSION = YES;
				GCC_WARN_ABOUT_RETURN_TYPE = YES_ERROR;
				GCC_WARN_UNDECLARED_SELECTOR = YES;
				GCC_WARN_UNINITIALIZED_AUTOS = YES_AGGRESSIVE;
				GCC_WARN_UNUSED_FUNCTION = YES;
				GCC_WARN_UNUSED_VARIABLE = YES;
				IPHONEOS_DEPLOYMENT_TARGET = 16.4;
				MTL_ENABLE_DEBUG_INFO = INCLUDE_SOURCE;
				MTL_FAST_MATH = YES;
				ONLY_ACTIVE_ARCH = YES;
				SDKROOT = iphoneos;
				SWIFT_ACTIVE_COMPILATION_CONDITIONS = DEBUG;
				SWIFT_OPTIMIZATION_LEVEL = "-Onone";
			};
			name = Debug;
		};
		147745E92A979EB300C84160 /* Release */ = {
			isa = XCBuildConfiguration;
			buildSettings = {
				ALWAYS_SEARCH_USER_PATHS = NO;
				CLANG_ANALYZER_NONNULL = YES;
				CLANG_ANALYZER_NUMBER_OBJECT_CONVERSION = YES_AGGRESSIVE;
				CLANG_CXX_LANGUAGE_STANDARD = "gnu++20";
				CLANG_ENABLE_MODULES = YES;
				CLANG_ENABLE_OBJC_ARC = YES;
				CLANG_ENABLE_OBJC_WEAK = YES;
				CLANG_WARN_BLOCK_CAPTURE_AUTORELEASING = YES;
				CLANG_WARN_BOOL_CONVERSION = YES;
				CLANG_WARN_COMMA = YES;
				CLANG_WARN_CONSTANT_CONVERSION = YES;
				CLANG_WARN_DEPRECATED_OBJC_IMPLEMENTATIONS = YES;
				CLANG_WARN_DIRECT_OBJC_ISA_USAGE = YES_ERROR;
				CLANG_WARN_DOCUMENTATION_COMMENTS = YES;
				CLANG_WARN_EMPTY_BODY = YES;
				CLANG_WARN_ENUM_CONVERSION = YES;
				CLANG_WARN_INFINITE_RECURSION = YES;
				CLANG_WARN_INT_CONVERSION = YES;
				CLANG_WARN_NON_LITERAL_NULL_CONVERSION = YES;
				CLANG_WARN_OBJC_IMPLICIT_RETAIN_SELF = YES;
				CLANG_WARN_OBJC_LITERAL_CONVERSION = YES;
				CLANG_WARN_OBJC_ROOT_CLASS = YES_ERROR;
				CLANG_WARN_QUOTED_INCLUDE_IN_FRAMEWORK_HEADER = YES;
				CLANG_WARN_RANGE_LOOP_ANALYSIS = YES;
				CLANG_WARN_STRICT_PROTOTYPES = YES;
				CLANG_WARN_SUSPICIOUS_MOVE = YES;
				CLANG_WARN_UNGUARDED_AVAILABILITY = YES_AGGRESSIVE;
				CLANG_WARN_UNREACHABLE_CODE = YES;
				CLANG_WARN__DUPLICATE_METHOD_MATCH = YES;
				COPY_PHASE_STRIP = NO;
				DEBUG_INFORMATION_FORMAT = "dwarf-with-dsym";
				ENABLE_NS_ASSERTIONS = NO;
				ENABLE_STRICT_OBJC_MSGSEND = YES;
				GCC_C_LANGUAGE_STANDARD = gnu11;
				GCC_NO_COMMON_BLOCKS = YES;
				GCC_WARN_64_TO_32_BIT_CONVERSION = YES;
				GCC_WARN_ABOUT_RETURN_TYPE = YES_ERROR;
				GCC_WARN_UNDECLARED_SELECTOR = YES;
				GCC_WARN_UNINITIALIZED_AUTOS = YES_AGGRESSIVE;
				GCC_WARN_UNUSED_FUNCTION = YES;
				GCC_WARN_UNUSED_VARIABLE = YES;
				IPHONEOS_DEPLOYMENT_TARGET = 16.4;
				MTL_ENABLE_DEBUG_INFO = NO;
				MTL_FAST_MATH = YES;
				SDKROOT = iphoneos;
				SWIFT_COMPILATION_MODE = wholemodule;
				SWIFT_OPTIMIZATION_LEVEL = "-O";
				VALIDATE_PRODUCT = YES;
			};
			name = Release;
		};
		147745EB2A979EB300C84160 /* Debug */ = {
			isa = XCBuildConfiguration;
			buildSettings = {
				ASSETCATALOG_COMPILER_APPICON_NAME = AppIcon;
				ASSETCATALOG_COMPILER_GLOBAL_ACCENT_COLOR_NAME = AccentColor;
				CODE_SIGN_STYLE = Automatic;
				CURRENT_PROJECT_VERSION = 1;
				DEVELOPMENT_TEAM = SZURQ69PCN;
				GENERATE_INFOPLIST_FILE = YES;
				INFOPLIST_FILE = imageNotes/Info.plist;
				INFOPLIST_KEY_UIApplicationSupportsIndirectInputEvents = YES;
				INFOPLIST_KEY_UILaunchStoryboardName = LaunchScreen;
				INFOPLIST_KEY_UIMainStoryboardFile = Main;
				INFOPLIST_KEY_UISupportedInterfaceOrientations_iPad = "UIInterfaceOrientationPortrait UIInterfaceOrientationPortraitUpsideDown UIInterfaceOrientationLandscapeLeft UIInterfaceOrientationLandscapeRight";
				INFOPLIST_KEY_UISupportedInterfaceOrientations_iPhone = "UIInterfaceOrientationPortrait UIInterfaceOrientationLandscapeLeft UIInterfaceOrientationLandscapeRight";
				LD_RUNPATH_SEARCH_PATHS = (
					"$(inherited)",
					"@executable_path/Frameworks",
				);
				MARKETING_VERSION = 1.0;
				PRODUCT_BUNDLE_IDENTIFIER = clc.imageNotes;
				PRODUCT_NAME = "$(TARGET_NAME)";
				SWIFT_EMIT_LOC_STRINGS = YES;
				SWIFT_VERSION = 5.0;
				TARGETED_DEVICE_FAMILY = "1,2";
			};
			name = Debug;
		};
		147745EC2A979EB300C84160 /* Release */ = {
			isa = XCBuildConfiguration;
			buildSettings = {
				ASSETCATALOG_COMPILER_APPICON_NAME = AppIcon;
				ASSETCATALOG_COMPILER_GLOBAL_ACCENT_COLOR_NAME = AccentColor;
				CODE_SIGN_STYLE = Automatic;
				CURRENT_PROJECT_VERSION = 1;
				DEVELOPMENT_TEAM = SZURQ69PCN;
				GENERATE_INFOPLIST_FILE = YES;
				INFOPLIST_FILE = imageNotes/Info.plist;
				INFOPLIST_KEY_UIApplicationSupportsIndirectInputEvents = YES;
				INFOPLIST_KEY_UILaunchStoryboardName = LaunchScreen;
				INFOPLIST_KEY_UIMainStoryboardFile = Main;
				INFOPLIST_KEY_UISupportedInterfaceOrientations_iPad = "UIInterfaceOrientationPortrait UIInterfaceOrientationPortraitUpsideDown UIInterfaceOrientationLandscapeLeft UIInterfaceOrientationLandscapeRight";
				INFOPLIST_KEY_UISupportedInterfaceOrientations_iPhone = "UIInterfaceOrientationPortrait UIInterfaceOrientationLandscapeLeft UIInterfaceOrientationLandscapeRight";
				LD_RUNPATH_SEARCH_PATHS = (
					"$(inherited)",
					"@executable_path/Frameworks",
				);
				MARKETING_VERSION = 1.0;
				PRODUCT_BUNDLE_IDENTIFIER = clc.imageNotes;
				PRODUCT_NAME = "$(TARGET_NAME)";
				SWIFT_EMIT_LOC_STRINGS = YES;
				SWIFT_VERSION = 5.0;
				TARGETED_DEVICE_FAMILY = "1,2";
			};
			name = Release;
		};
		147745EE2A979EB300C84160 /* Debug */ = {
			isa = XCBuildConfiguration;
			buildSettings = {
				ALWAYS_EMBED_SWIFT_STANDARD_LIBRARIES = YES;
				BUNDLE_LOADER = "$(TEST_HOST)";
				CODE_SIGN_STYLE = Automatic;
				CURRENT_PROJECT_VERSION = 1;
				DEVELOPMENT_TEAM = SZURQ69PCN;
				GENERATE_INFOPLIST_FILE = YES;
				IPHONEOS_DEPLOYMENT_TARGET = 16.4;
				MARKETING_VERSION = 1.0;
				PRODUCT_BUNDLE_IDENTIFIER = clc.imageNotesTests;
				PRODUCT_NAME = "$(TARGET_NAME)";
				SWIFT_EMIT_LOC_STRINGS = NO;
				SWIFT_VERSION = 5.0;
				TARGETED_DEVICE_FAMILY = "1,2";
				TEST_HOST = "$(BUILT_PRODUCTS_DIR)/imageNotes.app/$(BUNDLE_EXECUTABLE_FOLDER_PATH)/imageNotes";
			};
			name = Debug;
		};
		147745EF2A979EB300C84160 /* Release */ = {
			isa = XCBuildConfiguration;
			buildSettings = {
				ALWAYS_EMBED_SWIFT_STANDARD_LIBRARIES = YES;
				BUNDLE_LOADER = "$(TEST_HOST)";
				CODE_SIGN_STYLE = Automatic;
				CURRENT_PROJECT_VERSION = 1;
				DEVELOPMENT_TEAM = SZURQ69PCN;
				GENERATE_INFOPLIST_FILE = YES;
				IPHONEOS_DEPLOYMENT_TARGET = 16.4;
				MARKETING_VERSION = 1.0;
				PRODUCT_BUNDLE_IDENTIFIER = clc.imageNotesTests;
				PRODUCT_NAME = "$(TARGET_NAME)";
				SWIFT_EMIT_LOC_STRINGS = NO;
				SWIFT_VERSION = 5.0;
				TARGETED_DEVICE_FAMILY = "1,2";
				TEST_HOST = "$(BUILT_PRODUCTS_DIR)/imageNotes.app/$(BUNDLE_EXECUTABLE_FOLDER_PATH)/imageNotes";
			};
			name = Release;
		};
		147745F12A979EB300C84160 /* Debug */ = {
			isa = XCBuildConfiguration;
			buildSettings = {
				ALWAYS_EMBED_SWIFT_STANDARD_LIBRARIES = YES;
				CODE_SIGN_STYLE = Automatic;
				CURRENT_PROJECT_VERSION = 1;
				DEVELOPMENT_TEAM = SZURQ69PCN;
				GENERATE_INFOPLIST_FILE = YES;
				MARKETING_VERSION = 1.0;
				PRODUCT_BUNDLE_IDENTIFIER = clc.imageNotesUITests;
				PRODUCT_NAME = "$(TARGET_NAME)";
				SWIFT_EMIT_LOC_STRINGS = NO;
				SWIFT_VERSION = 5.0;
				TARGETED_DEVICE_FAMILY = "1,2";
				TEST_TARGET_NAME = imageNotes;
			};
			name = Debug;
		};
		147745F22A979EB300C84160 /* Release */ = {
			isa = XCBuildConfiguration;
			buildSettings = {
				ALWAYS_EMBED_SWIFT_STANDARD_LIBRARIES = YES;
				CODE_SIGN_STYLE = Automatic;
				CURRENT_PROJECT_VERSION = 1;
				DEVELOPMENT_TEAM = SZURQ69PCN;
				GENERATE_INFOPLIST_FILE = YES;
				MARKETING_VERSION = 1.0;
				PRODUCT_BUNDLE_IDENTIFIER = clc.imageNotesUITests;
				PRODUCT_NAME = "$(TARGET_NAME)";
				SWIFT_EMIT_LOC_STRINGS = NO;
				SWIFT_VERSION = 5.0;
				TARGETED_DEVICE_FAMILY = "1,2";
				TEST_TARGET_NAME = imageNotes;
			};
			name = Release;
		};
/* End XCBuildConfiguration section */

/* Begin XCConfigurationList section */
		147745B82A979EB100C84160 /* Build configuration list for PBXProject "imageNotes" */ = {
			isa = XCConfigurationList;
			buildConfigurations = (
				147745E82A979EB300C84160 /* Debug */,
				147745E92A979EB300C84160 /* Release */,
			);
			defaultConfigurationIsVisible = 0;
			defaultConfigurationName = Release;
		};
		147745EA2A979EB300C84160 /* Build configuration list for PBXNativeTarget "imageNotes" */ = {
			isa = XCConfigurationList;
			buildConfigurations = (
				147745EB2A979EB300C84160 /* Debug */,
				147745EC2A979EB300C84160 /* Release */,
			);
			defaultConfigurationIsVisible = 0;
			defaultConfigurationName = Release;
		};
		147745ED2A979EB300C84160 /* Build configuration list for PBXNativeTarget "imageNotesTests" */ = {
			isa = XCConfigurationList;
			buildConfigurations = (
				147745EE2A979EB300C84160 /* Debug */,
				147745EF2A979EB300C84160 /* Release */,
			);
			defaultConfigurationIsVisible = 0;
			defaultConfigurationName = Release;
		};
		147745F02A979EB300C84160 /* Build configuration list for PBXNativeTarget "imageNotesUITests" */ = {
			isa = XCConfigurationList;
			buildConfigurations = (
				147745F12A979EB300C84160 /* Debug */,
				147745F22A979EB300C84160 /* Release */,
			);
			defaultConfigurationIsVisible = 0;
			defaultConfigurationName = Release;
		};
/* End XCConfigurationList section */

/* Begin XCVersionGroup section */
		147745C92A979EB100C84160 /* imageNotes.xcdatamodeld */ = {
			isa = XCVersionGroup;
			children = (
				147745CA2A979EB100C84160 /* imageNotes.xcdatamodel */,
			);
			currentVersion = 147745CA2A979EB100C84160 /* imageNotes.xcdatamodel */;
			path = imageNotes.xcdatamodeld;
			sourceTree = "<group>";
			versionGroupType = wrapper.xcdatamodel;
		};
/* End XCVersionGroup section */
	};
	rootObject = 147745B52A979EB100C84160 /* Project object */;
}
